
Microsoft Visual Studio Solution File, Format Version 12.00
# Visual Studio Version 17
VisualStudioVersion = 17.5.002.0
MinimumVisualStudioVersion = 10.0.40219.1
Project("{9A19103F-16F7-4668-BE54-9A1E7A4F7556}") = "triggerBinding", "triggerBinding\triggerBinding.csproj", "{C792F548-BC2A-4C1B-93E1-8362CC30FA6F}"
EndProject
Global
	GlobalSection(SolutionConfigurationPlatforms) = preSolution
		Debug|Any CPU = Debug|Any CPU
		Release|Any CPU = Release|Any CPU
	EndGlobalSection
	GlobalSection(ProjectConfigurationPlatforms) = postSolution
		{C792F548-BC2A-4C1B-93E1-8362CC30FA6F}.Debug|Any CPU.ActiveCfg = Debug|Any CPU
		{C792F548-BC2A-4C1B-93E1-8362CC30FA6F}.Debug|Any CPU.Build.0 = Debug|Any CPU
		{C792F548-BC2A-4C1B-93E1-8362CC30FA6F}.Release|Any CPU.ActiveCfg = Release|Any CPU
		{C792F548-BC2A-4C1B-93E1-8362CC30FA6F}.Release|Any CPU.Build.0 = Release|Any CPU
	EndGlobalSection
	GlobalSection(SolutionProperties) = preSolution
		HideSolutionNode = FALSE
	EndGlobalSection
	GlobalSection(ExtensibilityGlobals) = postSolution
		SolutionGuid = {A3D675A9-8EE6-4310-8103-CBA2943B0FCB}
	EndGlobalSection
EndGlobal
